// !$*UTF8*$!
{
	archiveVersion = 1;
	classes = {
	};
	objectVersion = 50;
	objects = {

/* Begin PBXBuildFile section */
		A1170878240565D5003BCABA /* AppDelegate.swift in Sources */ = {isa = PBXBuildFile; fileRef = A1170877240565D5003BCABA /* AppDelegate.swift */; };
		A117087A240565D5003BCABA /* SceneDelegate.swift in Sources */ = {isa = PBXBuildFile; fileRef = A1170879240565D5003BCABA /* SceneDelegate.swift */; };
		A117087C240565D5003BCABA /* ViewController.swift in Sources */ = {isa = PBXBuildFile; fileRef = A117087B240565D5003BCABA /* ViewController.swift */; };
		A117087F240565D5003BCABA /* Main.storyboard in Resources */ = {isa = PBXBuildFile; fileRef = A117087D240565D5003BCABA /* Main.storyboard */; };
		A1170881240565D8003BCABA /* Assets.xcassets in Resources */ = {isa = PBXBuildFile; fileRef = A1170880240565D8003BCABA /* Assets.xcassets */; };
		A1170884240565D8003BCABA /* LaunchScreen.storyboard in Resources */ = {isa = PBXBuildFile; fileRef = A1170882240565D8003BCABA /* LaunchScreen.storyboard */; };
		A117088C24056794003BCABA /* PushedViewController.swift in Sources */ = {isa = PBXBuildFile; fileRef = A117088B24056794003BCABA /* PushedViewController.swift */; };
		A117088E2405679D003BCABA /* ModalViewController.swift in Sources */ = {isa = PBXBuildFile; fileRef = A117088D2405679D003BCABA /* ModalViewController.swift */; };
/* End PBXBuildFile section */

/* Begin PBXFileReference section */
		A1170874240565D5003BCABA /* LifecycleDemo.app */ = {isa = PBXFileReference; explicitFileType = wrapper.application; includeInIndex = 0; path = LifecycleDemo.app; sourceTree = BUILT_PRODUCTS_DIR; };
		A1170877240565D5003BCABA /* AppDelegate.swift */ = {isa = PBXFileReference; lastKnownFileType = sourcecode.swift; path = AppDelegate.swift; sourceTree = "<group>"; };
		A1170879240565D5003BCABA /* SceneDelegate.swift */ = {isa = PBXFileReference; lastKnownFileType = sourcecode.swift; path = SceneDelegate.swift; sourceTree = "<group>"; };
		A117087B240565D5003BCABA /* ViewController.swift */ = {isa = PBXFileReference; lastKnownFileType = sourcecode.swift; path = ViewController.swift; sourceTree = "<group>"; };
		A117087E240565D5003BCABA /* Base */ = {isa = PBXFileReference; lastKnownFileType = file.storyboard; name = Base; path = Base.lproj/Main.storyboard; sourceTree = "<group>"; };
		A1170880240565D8003BCABA /* Assets.xcassets */ = {isa = PBXFileReference; lastKnownFileType = folder.assetcatalog; path = Assets.xcassets; sourceTree = "<group>"; };
		A1170883240565D8003BCABA /* Base */ = {isa = PBXFileReference; lastKnownFileType = file.storyboard; name = Base; path = Base.lproj/LaunchScreen.storyboard; sourceTree = "<group>"; };
		A1170885240565D8003BCABA /* Info.plist */ = {isa = PBXFileReference; lastKnownFileType = text.plist.xml; path = Info.plist; sourceTree = "<group>"; };
		A117088B24056794003BCABA /* PushedViewController.swift */ = {isa = PBXFileReference; lastKnownFileType = sourcecode.swift; path = PushedViewController.swift; sourceTree = "<group>"; };
		A117088D2405679D003BCABA /* ModalViewController.swift */ = {isa = PBXFileReference; lastKnownFileType = sourcecode.swift; path = ModalViewController.swift; sourceTree = "<group>"; };
/* End PBXFileReference section */

/* Begin PBXFrameworksBuildPhase section */
		A1170871240565D5003BCABA /* Frameworks */ = {
			isa = PBXFrameworksBuildPhase;
			buildActionMask = 2147483647;
			files = (
			);
			runOnlyForDeploymentPostprocessing = 0;
		};
/* End PBXFrameworksBuildPhase section */

/* Begin PBXGroup section */
		A117086B240565D5003BCABA = {
			isa = PBXGroup;
			children = (
				A1170876240565D5003BCABA /* LifecycleDemo */,
				A1170875240565D5003BCABA /* Products */,
			);
			sourceTree = "<group>";
		};
		A1170875240565D5003BCABA /* Products */ = {
			isa = PBXGroup;
			children = (
				A1170874240565D5003BCABA /* LifecycleDemo.app */,
			);
			name = Products;
			sourceTree = "<group>";
		};
		A1170876240565D5003BCABA /* LifecycleDemo */ = {
			isa = PBXGroup;
			children = (
				A1170877240565D5003BCABA /* AppDelegate.swift */,
				A1170879240565D5003BCABA /* SceneDelegate.swift */,
				A117087B240565D5003BCABA /* ViewController.swift */,
				A117088B24056794003BCABA /* PushedViewController.swift */,
				A117088D2405679D003BCABA /* ModalViewController.swift */,
				A117087D240565D5003BCABA /* Main.storyboard */,
				A1170880240565D8003BCABA /* Assets.xcassets */,
				A1170882240565D8003BCABA /* LaunchScreen.storyboard */,
				A1170885240565D8003BCABA /* Info.plist */,
			);
			path = LifecycleDemo;
			sourceTree = "<group>";
		};
/* End PBXGroup section */

/* Begin PBXNativeTarget section */
		A1170873240565D5003BCABA /* LifecycleDemo */ = {
			isa = PBXNativeTarget;
			buildConfigurationList = A1170888240565D8003BCABA /* Build configuration list for PBXNativeTarget "LifecycleDemo" */;
			buildPhases = (
				A1170870240565D5003BCABA /* Sources */,
				A1170871240565D5003BCABA /* Frameworks */,
				A1170872240565D5003BCABA /* Resources */,
			);
			buildRules = (
			);
			dependencies = (
			);
			name = LifecycleDemo;
			productName = LifecycleDemo;
			productReference = A1170874240565D5003BCABA /* LifecycleDemo.app */;
			productType = "com.apple.product-type.application";
		};
/* End PBXNativeTarget section */

/* Begin PBXProject section */
		A117086C240565D5003BCABA /* Project object */ = {
			isa = PBXProject;
			attributes = {
				LastSwiftUpdateCheck = 1130;
				LastUpgradeCheck = 1130;
				ORGANIZATIONNAME = PJayRushton;
				TargetAttributes = {
					A1170873240565D5003BCABA = {
						CreatedOnToolsVersion = 11.3.1;
					};
				};
			};
			buildConfigurationList = A117086F240565D5003BCABA /* Build configuration list for PBXProject "LifecycleDemo" */;
			compatibilityVersion = "Xcode 9.3";
			developmentRegion = en;
			hasScannedForEncodings = 0;
			knownRegions = (
				en,
				Base,
			);
			mainGroup = A117086B240565D5003BCABA;
			productRefGroup = A1170875240565D5003BCABA /* Products */;
			projectDirPath = "";
			projectRoot = "";
			targets = (
				A1170873240565D5003BCABA /* LifecycleDemo */,
			);
		};
/* End PBXProject section */

/* Begin PBXResourcesBuildPhase section */
		A1170872240565D5003BCABA /* Resources */ = {
			isa = PBXResourcesBuildPhase;
			buildActionMask = 2147483647;
			files = (
				A1170884240565D8003BCABA /* LaunchScreen.storyboard in Resources */,
				A1170881240565D8003BCABA /* Assets.xcassets in Resources */,
				A117087F240565D5003BCABA /* Main.storyboard in Resources */,
			);
			runOnlyForDeploymentPostprocessing = 0;
		};
/* End PBXResourcesBuildPhase section */

/* Begin PBXSourcesBuildPhase section */
		A1170870240565D5003BCABA /* Sources */ = {
			isa = PBXSourcesBuildPhase;
			buildActionMask = 2147483647;
			files = (
				A117087C240565D5003BCABA /* ViewController.swift in Sources */,
				A117088E2405679D003BCABA /* ModalViewController.swift in Sources */,
				A117088C24056794003BCABA /* PushedViewController.swift in Sources */,
				A1170878240565D5003BCABA /* AppDelegate.swift in Sources */,
				A117087A240565D5003BCABA /* SceneDelegate.swift in Sources */,
			);
			runOnlyForDeploymentPostprocessing = 0;
		};
/* End PBXSourcesBuildPhase section */

/* Begin PBXVariantGroup section */
		A117087D240565D5003BCABA /* Main.storyboard */ = {
			isa = PBXVariantGroup;
			children = (
				A117087E240565D5003BCABA /* Base */,
			);
			name = Main.storyboard;
			sourceTree = "<group>";
		};
		A1170882240565D8003BCABA /* LaunchScreen.storyboard */ = {
			isa = PBXVariantGroup;
			children = (
				A1170883240565D8003BCABA /* Base */,
			);
			name = LaunchScreen.storyboard;
			sourceTree = "<group>";
		};
/* End PBXVariantGroup section */

/* Begin XCBuildConfiguration section */
		A1170886240565D8003BCABA /* Debug */ = {
			isa = XCBuildConfiguration;
			buildSettings = {
				ALWAYS_SEARCH_USER_PATHS = NO;
				CLANG_ANALYZER_NONNULL = YES;
				CLANG_ANALYZER_NUMBER_OBJECT_CONVERSION = YES_AGGRESSIVE;
				CLANG_CXX_LANGUAGE_STANDARD = "gnu++14";
				CLANG_CXX_LIBRARY = "libc++";
				CLANG_ENABLE_MODULES = YES;
				CLANG_ENABLE_OBJC_ARC = YES;
				CLANG_ENABLE_OBJC_WEAK = YES;
				CLANG_WARN_BLOCK_CAPTURE_AUTORELEASING = YES;
				CLANG_WARN_BOOL_CONVERSION = YES;
				CLANG_WARN_COMMA = YES;
				CLANG_WARN_CONSTANT_CONVERSION = YES;
				CLANG_WARN_DEPRECATED_OBJC_IMPLEMENTATIONS = YES;
				CLANG_WARN_DIRECT_OBJC_ISA_USAGE = YES_ERROR;
				CLANG_WARN_DOCUMENTATION_COMMENTS = YES;
				CLANG_WARN_EMPTY_BODY = YES;
				CLANG_WARN_ENUM_CONVERSION = YES;
				CLANG_WARN_INFINITE_RECURSION = YES;
				CLANG_WARN_INT_CONVERSION = YES;
				CLANG_WARN_NON_LITERAL_NULL_CONVERSION = YES;
				CLANG_WARN_OBJC_IMPLICIT_RETAIN_SELF = YES;
				CLANG_WARN_OBJC_LITERAL_CONVERSION = YES;
				CLANG_WARN_OBJC_ROOT_CLASS = YES_ERROR;
				CLANG_WARN_RANGE_LOOP_ANALYSIS = YES;
				CLANG_WARN_STRICT_PROTOTYPES = YES;
				CLANG_WARN_SUSPICIOUS_MOVE = YES;
				CLANG_WARN_UNGUARDED_AVAILABILITY = YES_AGGRESSIVE;
				CLANG_WARN_UNREACHABLE_CODE = YES;
				CLANG_WARN__DUPLICATE_METHOD_MATCH = YES;
				COPY_PHASE_STRIP = NO;
				DEBUG_INFORMATION_FORMAT = dwarf;
				ENABLE_STRICT_OBJC_MSGSEND = YES;
				ENABLE_TESTABILITY = YES;
				GCC_C_LANGUAGE_STANDARD = gnu11;
				GCC_DYNAMIC_NO_PIC = NO;
				GCC_NO_COMMON_BLOCKS = YES;
				GCC_OPTIMIZATION_LEVEL = 0;
				GCC_PREPROCESSOR_DEFINITIONS = (
					"DEBUG=1",
					"$(inherited)",
				);
				GCC_WARN_64_TO_32_BIT_CONVERSION = YES;
				GCC_WARN_ABOUT_RETURN_TYPE = YES_ERROR;
				GCC_WARN_UNDECLARED_SELECTOR = YES;
				GCC_WARN_UNINITIALIZED_AUTOS = YES_AGGRESSIVE;
				GCC_WARN_UNUSED_FUNCTION = YES;
				GCC_WARN_UNUSED_VARIABLE = YES;
				IPHONEOS_DEPLOYMENT_TARGET = 13.2;
				MTL_ENABLE_DEBUG_INFO = INCLUDE_SOURCE;
				MTL_FAST_MATH = YES;
				ONLY_ACTIVE_ARCH = YES;
				SDKROOT = iphoneos;
				SWIFT_ACTIVE_COMPILATION_CONDITIONS = DEBUG;
				SWIFT_OPTIMIZATION_LEVEL = "-Onone";
			};
			name = Debug;
		};
		A1170887240565D8003BCABA /* Release */ = {
			isa = XCBuildConfiguration;
			buildSettings = {
				ALWAYS_SEARCH_USER_PATHS = NO;
				CLANG_ANALYZER_NONNULL = YES;
				CLANG_ANALYZER_NUMBER_OBJECT_CONVERSION = YES_AGGRESSIVE;
				CLANG_CXX_LANGUAGE_STANDARD = "gnu++14";
				CLANG_CXX_LIBRARY = "libc++";
				CLANG_ENABLE_MODULES = YES;
				CLANG_ENABLE_OBJC_ARC = YES;
				CLANG_ENABLE_OBJC_WEAK = YES;
				CLANG_WARN_BLOCK_CAPTURE_AUTORELEASING = YES;
				CLANG_WARN_BOOL_CONVERSION = YES;
				CLANG_WARN_COMMA = YES;
				CLANG_WARN_CONSTANT_CONVERSION = YES;
				CLANG_WARN_DEPRECATED_OBJC_IMPLEMENTATIONS = YES;
				CLANG_WARN_DIRECT_OBJC_ISA_USAGE = YES_ERROR;
				CLANG_WARN_DOCUMENTATION_COMMENTS = YES;
				CLANG_WARN_EMPTY_BODY = YES;
				CLANG_WARN_ENUM_CONVERSION = YES;
				CLANG_WARN_INFINITE_RECURSION = YES;
				CLANG_WARN_INT_CONVERSION = YES;
				CLANG_WARN_NON_LITERAL_NULL_CONVERSION = YES;
				CLANG_WARN_OBJC_IMPLICIT_RETAIN_SELF = YES;
				CLANG_WARN_OBJC_LITERAL_CONVERSION = YES;
				CLANG_WARN_OBJC_ROOT_CLASS = YES_ERROR;
				CLANG_WARN_RANGE_LOOP_ANALYSIS = YES;
				CLANG_WARN_STRICT_PROTOTYPES = YES;
				CLANG_WARN_SUSPICIOUS_MOVE = YES;
				CLANG_WARN_UNGUARDED_AVAILABILITY = YES_AGGRESSIVE;
				CLANG_WARN_UNREACHABLE_CODE = YES;
				CLANG_WARN__DUPLICATE_METHOD_MATCH = YES;
				COPY_PHASE_STRIP = NO;
				DEBUG_INFORMATION_FORMAT = "dwarf-with-dsym";
				ENABLE_NS_ASSERTIONS = NO;
				ENABLE_STRICT_OBJC_MSGSEND = YES;
				GCC_C_LANGUAGE_STANDARD = gnu11;
				GCC_NO_COMMON_BLOCKS = YES;
				GCC_WARN_64_TO_32_BIT_CONVERSION = YES;
				GCC_WARN_ABOUT_RETURN_TYPE = YES_ERROR;
				GCC_WARN_UNDECLARED_SELECTOR = YES;
				GCC_WARN_UNINITIALIZED_AUTOS = YES_AGGRESSIVE;
				GCC_WARN_UNUSED_FUNCTION = YES;
				GCC_WARN_UNUSED_VARIABLE = YES;
				IPHONEOS_DEPLOYMENT_TARGET = 13.2;
				MTL_ENABLE_DEBUG_INFO = NO;
				MTL_FAST_MATH = YES;
				SDKROOT = iphoneos;
				SWIFT_COMPILATION_MODE = wholemodule;
				SWIFT_OPTIMIZATION_LEVEL = "-O";
				VALIDATE_PRODUCT = YES;
			};
			name = Release;
		};
		A1170889240565D8003BCABA /* Debug */ = {
			isa = XCBuildConfiguration;
			buildSettings = {
				ASSETCATALOG_COMPILER_APPICON_NAME = AppIcon;
				CODE_SIGN_STYLE = Automatic;
				DEVELOPMENT_TEAM = WK6LDT652Z;
				INFOPLIST_FILE = LifecycleDemo/Info.plist;
				LD_RUNPATH_SEARCH_PATHS = (
					"$(inherited)",
					"@executable_path/Frameworks",
				);
				PRODUCT_BUNDLE_IDENTIFIER = com.PJayRushton.LifecycleDemo;
				PRODUCT_NAME = "$(TARGET_NAME)";
				SWIFT_VERSION = 5.0;
				TARGETED_DEVICE_FAMILY = "1,2";
			};
			name = Debug;
		};
		A117088A240565D8003BCABA /* Release */ = {
			isa = XCBuildConfiguration;
			buildSettings = {
				ASSETCATALOG_COMPILER_APPICON_NAME = AppIcon;
				CODE_SIGN_STYLE = Automatic;
				DEVELOPMENT_TEAM = WK6LDT652Z;
				INFOPLIST_FILE = LifecycleDemo/Info.plist;
				LD_RUNPATH_SEARCH_PATHS = (
					"$(inherited)",
					"@executable_path/Frameworks",
				);
				PRODUCT_BUNDLE_IDENTIFIER = com.PJayRushton.LifecycleDemo;
				PRODUCT_NAME = "$(TARGET_NAME)";
				SWIFT_VERSION = 5.0;
				TARGETED_DEVICE_FAMILY = "1,2";
			};
			name = Release;
		};
/* End XCBuildConfiguration section */

/* Begin XCConfigurationList section */
		A117086F240565D5003BCABA /* Build configuration list for PBXProject "LifecycleDemo" */ = {
			isa = XCConfigurationList;
			buildConfigurations = (
				A1170886240565D8003BCABA /* Debug */,
				A1170887240565D8003BCABA /* Release */,
			);
			defaultConfigurationIsVisible = 0;
			defaultConfigurationName = Release;
		};
		A1170888240565D8003BCABA /* Build configuration list for PBXNativeTarget "LifecycleDemo" */ = {
			isa = XCConfigurationList;
			buildConfigurations = (
				A1170889240565D8003BCABA /* Debug */,
				A117088A240565D8003BCABA /* Release */,
			);
			defaultConfigurationIsVisible = 0;
			defaultConfigurationName = Release;
		};
/* End XCConfigurationList section */
	};
	rootObject = A117086C240565D5003BCABA /* Project object */;
}
